
Microsoft Visual Studio Solution File, Format Version 12.00
# Visual Studio Version 17
VisualStudioVersion = 17.0.32126.317
MinimumVisualStudioVersion = 10.0.40219.1
Project("{FAE04EC0-301F-11D3-BF4B-00C04F79EFBC}") = "CGI-HomeTest", "CGI-HomeTest\CGI-HomeTest.csproj", "{F3A8F28D-2BCB-4FFD-90CB-718F7BE8ED9E}"
EndProject
Global
	GlobalSection(SolutionConfigurationPlatforms) = preSolution
		Debug|Any CPU = Debug|Any CPU
		Release|Any CPU = Release|Any CPU
	EndGlobalSection
	GlobalSection(ProjectConfigurationPlatforms) = postSolution
		{F3A8F28D-2BCB-4FFD-90CB-718F7BE8ED9E}.Debug|Any CPU.ActiveCfg = Debug|Any CPU
		{F3A8F28D-2BCB-4FFD-90CB-718F7BE8ED9E}.Debug|Any CPU.Build.0 = Debug|Any CPU
		{F3A8F28D-2BCB-4FFD-90CB-718F7BE8ED9E}.Release|Any CPU.ActiveCfg = Release|Any CPU
		{F3A8F28D-2BCB-4FFD-90CB-718F7BE8ED9E}.Release|Any CPU.Build.0 = Release|Any CPU
	EndGlobalSection
	GlobalSection(SolutionProperties) = preSolution
		HideSolutionNode = FALSE
	EndGlobalSection
	GlobalSection(ExtensibilityGlobals) = postSolution
		SolutionGuid = {45380470-4223-4EB8-B295-72C012393104}
	EndGlobalSection
EndGlobal
